
Microsoft Visual Studio Solution File, Format Version 12.00
# Visual Studio Version 17
VisualStudioVersion = 17.2.32616.157
MinimumVisualStudioVersion = 10.0.40219.1
Project("{FAE04EC0-301F-11D3-BF4B-00C04F79EFBC}") = "Final Project - Notes", "Final Project - Notes\Final Project - Notes.csproj", "{6464D865-7428-4D84-8E74-5BA853D72D25}"
EndProject
Global
	GlobalSection(SolutionConfigurationPlatforms) = preSolution
		Debug|Any CPU = Debug|Any CPU
		Release|Any CPU = Release|Any CPU
	EndGlobalSection
	GlobalSection(ProjectConfigurationPlatforms) = postSolution
		{6464D865-7428-4D84-8E74-5BA853D72D25}.Debug|Any CPU.ActiveCfg = Debug|Any CPU
		{6464D865-7428-4D84-8E74-5BA853D72D25}.Debug|Any CPU.Build.0 = Debug|Any CPU
		{6464D865-7428-4D84-8E74-5BA853D72D25}.Release|Any CPU.ActiveCfg = Release|Any CPU
		{6464D865-7428-4D84-8E74-5BA853D72D25}.Release|Any CPU.Build.0 = Release|Any CPU
	EndGlobalSection
	GlobalSection(SolutionProperties) = preSolution
		HideSolutionNode = FALSE
	EndGlobalSection
	GlobalSection(ExtensibilityGlobals) = postSolution
		SolutionGuid = {F15F5B93-2AA3-4C50-BC06-CB23E10448EA}
	EndGlobalSection
EndGlobal
